
Microsoft Visual Studio Solution File, Format Version 12.00
# Visual Studio Version 17
VisualStudioVersion = 17.9.34728.123
MinimumVisualStudioVersion = 10.0.40219.1
Project("{FAE04EC0-301F-11D3-BF4B-00C04F79EFBC}") = "Sales", "Sales\Sales.csproj", "{812F9045-D2BB-4DDE-B702-2DD775DF904F}"
EndProject
Global
	GlobalSection(SolutionConfigurationPlatforms) = preSolution
		Debug|Any CPU = Debug|Any CPU
		Release|Any CPU = Release|Any CPU
	EndGlobalSection
	GlobalSection(ProjectConfigurationPlatforms) = postSolution
		{812F9045-D2BB-4DDE-B702-2DD775DF904F}.Debug|Any CPU.ActiveCfg = Debug|Any CPU
		{812F9045-D2BB-4DDE-B702-2DD775DF904F}.Debug|Any CPU.Build.0 = Debug|Any CPU
		{812F9045-D2BB-4DDE-B702-2DD775DF904F}.Release|Any CPU.ActiveCfg = Release|Any CPU
		{812F9045-D2BB-4DDE-B702-2DD775DF904F}.Release|Any CPU.Build.0 = Release|Any CPU
	EndGlobalSection
	GlobalSection(SolutionProperties) = preSolution
		HideSolutionNode = FALSE
	EndGlobalSection
	GlobalSection(ExtensibilityGlobals) = postSolution
		SolutionGuid = {8359D046-826A-4E0A-8EA2-0E00D9FDEFFE}
	EndGlobalSection
EndGlobal
